
Microsoft Visual Studio Solution File, Format Version 12.00
# Visual Studio Version 17
VisualStudioVersion = 17.9.34728.123
MinimumVisualStudioVersion = 10.0.40219.1
Project("{FAE04EC0-301F-11D3-BF4B-00C04F79EFBC}") = "Bashka", "Bashka\Bashka.csproj", "{28060A7B-8180-4E57-8AC8-1882403CF848}"
EndProject
Project("{FAE04EC0-301F-11D3-BF4B-00C04F79EFBC}") = "DeviceExchangeTemplate", "DeviceExchangeTemplate\DeviceExchangeTemplate.csproj", "{66370E54-4461-400B-B123-0DFD41D86DF0}"
EndProject
Project("{2150E333-8FDC-42A3-9474-1A3956D46DE8}") = "Common", "Common", "{CE45FDBA-BD1B-44F1-ACD8-F0E405E00C94}"
EndProject
Project("{FAE04EC0-301F-11D3-BF4B-00C04F79EFBC}") = "MvvmHelper", "MvvmHelper\MvvmHelper.csproj", "{25C5F640-E346-4366-9632-8F5A960696A1}"
EndProject
Project("{2150E333-8FDC-42A3-9474-1A3956D46DE8}") = "Channels", "Channels", "{8333F5F7-0072-4867-A771-8BCEC68FCB17}"
EndProject
Project("{2150E333-8FDC-42A3-9474-1A3956D46DE8}") = "Devices", "Devices", "{E6AB4B80-FE9A-49EA-964C-59BFD8E5D530}"
EndProject
Project("{2150E333-8FDC-42A3-9474-1A3956D46DE8}") = "Protocols", "Protocols", "{B4A3A4DD-4747-4094-B628-67AA5433C271}"
EndProject
Project("{FAE04EC0-301F-11D3-BF4B-00C04F79EFBC}") = "DeviceDefinitions", "DeviceDefinitions\DeviceDefinitions.csproj", "{77664A38-DAEE-434B-9A37-C3766007CFD4}"
EndProject
Project("{FAE04EC0-301F-11D3-BF4B-00C04F79EFBC}") = "UART", "DirectChannel\UART.csproj", "{A7DF5656-61BD-4125-82DB-32B8389AE1F6}"
EndProject
Project("{FAE04EC0-301F-11D3-BF4B-00C04F79EFBC}") = "ChannelDefinitions", "ChannelDefinitions\ChannelDefinitions.csproj", "{0B7BD723-E99C-4067-8E09-05C2E9F35FDA}"
EndProject
Project("{FAE04EC0-301F-11D3-BF4B-00C04F79EFBC}") = "VirtualDevice", "VirtualDevice\VirtualDevice.csproj", "{3448799A-2AD2-44E9-A5BA-27D49EB79FF0}"
EndProject
Global
	GlobalSection(SolutionConfigurationPlatforms) = preSolution
		Debug|Any CPU = Debug|Any CPU
		Release|Any CPU = Release|Any CPU
	EndGlobalSection
	GlobalSection(ProjectConfigurationPlatforms) = postSolution
		{28060A7B-8180-4E57-8AC8-1882403CF848}.Debug|Any CPU.ActiveCfg = Debug|Any CPU
		{28060A7B-8180-4E57-8AC8-1882403CF848}.Debug|Any CPU.Build.0 = Debug|Any CPU
		{28060A7B-8180-4E57-8AC8-1882403CF848}.Release|Any CPU.ActiveCfg = Release|Any CPU
		{28060A7B-8180-4E57-8AC8-1882403CF848}.Release|Any CPU.Build.0 = Release|Any CPU
		{66370E54-4461-400B-B123-0DFD41D86DF0}.Debug|Any CPU.ActiveCfg = Debug|Any CPU
		{66370E54-4461-400B-B123-0DFD41D86DF0}.Debug|Any CPU.Build.0 = Debug|Any CPU
		{66370E54-4461-400B-B123-0DFD41D86DF0}.Release|Any CPU.ActiveCfg = Release|Any CPU
		{66370E54-4461-400B-B123-0DFD41D86DF0}.Release|Any CPU.Build.0 = Release|Any CPU
		{25C5F640-E346-4366-9632-8F5A960696A1}.Debug|Any CPU.ActiveCfg = Debug|Any CPU
		{25C5F640-E346-4366-9632-8F5A960696A1}.Debug|Any CPU.Build.0 = Debug|Any CPU
		{25C5F640-E346-4366-9632-8F5A960696A1}.Release|Any CPU.ActiveCfg = Release|Any CPU
		{25C5F640-E346-4366-9632-8F5A960696A1}.Release|Any CPU.Build.0 = Release|Any CPU
		{77664A38-DAEE-434B-9A37-C3766007CFD4}.Debug|Any CPU.ActiveCfg = Debug|Any CPU
		{77664A38-DAEE-434B-9A37-C3766007CFD4}.Debug|Any CPU.Build.0 = Debug|Any CPU
		{77664A38-DAEE-434B-9A37-C3766007CFD4}.Release|Any CPU.ActiveCfg = Release|Any CPU
		{77664A38-DAEE-434B-9A37-C3766007CFD4}.Release|Any CPU.Build.0 = Release|Any CPU
		{A7DF5656-61BD-4125-82DB-32B8389AE1F6}.Debug|Any CPU.ActiveCfg = Debug|Any CPU
		{A7DF5656-61BD-4125-82DB-32B8389AE1F6}.Debug|Any CPU.Build.0 = Debug|Any CPU
		{A7DF5656-61BD-4125-82DB-32B8389AE1F6}.Release|Any CPU.ActiveCfg = Release|Any CPU
		{A7DF5656-61BD-4125-82DB-32B8389AE1F6}.Release|Any CPU.Build.0 = Release|Any CPU
		{0B7BD723-E99C-4067-8E09-05C2E9F35FDA}.Debug|Any CPU.ActiveCfg = Debug|Any CPU
		{0B7BD723-E99C-4067-8E09-05C2E9F35FDA}.Debug|Any CPU.Build.0 = Debug|Any CPU
		{0B7BD723-E99C-4067-8E09-05C2E9F35FDA}.Release|Any CPU.ActiveCfg = Release|Any CPU
		{0B7BD723-E99C-4067-8E09-05C2E9F35FDA}.Release|Any CPU.Build.0 = Release|Any CPU
		{3448799A-2AD2-44E9-A5BA-27D49EB79FF0}.Debug|Any CPU.ActiveCfg = Debug|Any CPU
		{3448799A-2AD2-44E9-A5BA-27D49EB79FF0}.Debug|Any CPU.Build.0 = Debug|Any CPU
		{3448799A-2AD2-44E9-A5BA-27D49EB79FF0}.Release|Any CPU.ActiveCfg = Release|Any CPU
		{3448799A-2AD2-44E9-A5BA-27D49EB79FF0}.Release|Any CPU.Build.0 = Release|Any CPU
	EndGlobalSection
	GlobalSection(SolutionProperties) = preSolution
		HideSolutionNode = FALSE
	EndGlobalSection
	GlobalSection(NestedProjects) = preSolution
		{25C5F640-E346-4366-9632-8F5A960696A1} = {CE45FDBA-BD1B-44F1-ACD8-F0E405E00C94}
		{77664A38-DAEE-434B-9A37-C3766007CFD4} = {CE45FDBA-BD1B-44F1-ACD8-F0E405E00C94}
		{A7DF5656-61BD-4125-82DB-32B8389AE1F6} = {8333F5F7-0072-4867-A771-8BCEC68FCB17}
		{0B7BD723-E99C-4067-8E09-05C2E9F35FDA} = {CE45FDBA-BD1B-44F1-ACD8-F0E405E00C94}
		{3448799A-2AD2-44E9-A5BA-27D49EB79FF0} = {E6AB4B80-FE9A-49EA-964C-59BFD8E5D530}
	EndGlobalSection
	GlobalSection(ExtensibilityGlobals) = postSolution
		SolutionGuid = {C58EBA98-688B-4C6B-8563-102DA0501AC7}
	EndGlobalSection
EndGlobal
